// !$*UTF8*$!
{
	archiveVersion = 1;
	classes = {
	};
	objectVersion = 77;
	objects = {

/* Begin PBXContainerItemProxy section */
		049869022CAE9BD700A41097 /* PBXContainerItemProxy */ = {
			isa = PBXContainerItemProxy;
			containerPortal = 049868E92CAE9BD200A41097 /* Project object */;
			proxyType = 1;
			remoteGlobalIDString = 049868F02CAE9BD200A41097;
			remoteInfo = "HW1-01057305";
		};
		0498690C2CAE9BD700A41097 /* PBXContainerItemProxy */ = {
			isa = PBXContainerItemProxy;
			containerPortal = 049868E92CAE9BD200A41097 /* Project object */;
			proxyType = 1;
			remoteGlobalIDString = 049868F02CAE9BD200A41097;
			remoteInfo = "HW1-01057305";
		};
/* End PBXContainerItemProxy section */

/* Begin PBXFileReference section */
		049868F12CAE9BD200A41097 /* HW1-01057305.app */ = {isa = PBXFileReference; explicitFileType = wrapper.application; includeInIndex = 0; path = "HW1-01057305.app"; sourceTree = BUILT_PRODUCTS_DIR; };
		049869012CAE9BD700A41097 /* HW1-01057305Tests.xctest */ = {isa = PBXFileReference; explicitFileType = wrapper.cfbundle; includeInIndex = 0; path = "HW1-01057305Tests.xctest"; sourceTree = BUILT_PRODUCTS_DIR; };
		0498690B2CAE9BD700A41097 /* HW1-01057305UITests.xctest */ = {isa = PBXFileReference; explicitFileType = wrapper.cfbundle; includeInIndex = 0; path = "HW1-01057305UITests.xctest"; sourceTree = BUILT_PRODUCTS_DIR; };
/* End PBXFileReference section */

/* Begin PBXFileSystemSynchronizedRootGroup section */
		049868F32CAE9BD200A41097 /* HW1-01057305 */ = {
			isa = PBXFileSystemSynchronizedRootGroup;
			path = "HW1-01057305";
			sourceTree = "<group>";
		};
		049869042CAE9BD700A41097 /* HW1-01057305Tests */ = {
			isa = PBXFileSystemSynchronizedRootGroup;
			path = "HW1-01057305Tests";
			sourceTree = "<group>";
		};
		0498690E2CAE9BD700A41097 /* HW1-01057305UITests */ = {
			isa = PBXFileSystemSynchronizedRootGroup;
			path = "HW1-01057305UITests";
			sourceTree = "<group>";
		};
/* End PBXFileSystemSynchronizedRootGroup section */

/* Begin PBXFrameworksBuildPhase section */
		049868EE2CAE9BD200A41097 /* Frameworks */ = {
			isa = PBXFrameworksBuildPhase;
			buildActionMask = 2147483647;
			files = (
			);
			runOnlyForDeploymentPostprocessing = 0;
		};
		049868FE2CAE9BD700A41097 /* Frameworks */ = {
			isa = PBXFrameworksBuildPhase;
			buildActionMask = 2147483647;
			files = (
			);
			runOnlyForDeploymentPostprocessing = 0;
		};
		049869082CAE9BD700A41097 /* Frameworks */ = {
			isa = PBXFrameworksBuildPhase;
			buildActionMask = 2147483647;
			files = (
			);
			runOnlyForDeploymentPostprocessing = 0;
		};
/* End PBXFrameworksBuildPhase section */

/* Begin PBXGroup section */
		049868E82CAE9BD200A41097 = {
			isa = PBXGroup;
			children = (
				049868F32CAE9BD200A41097 /* HW1-01057305 */,
				049869042CAE9BD700A41097 /* HW1-01057305Tests */,
				0498690E2CAE9BD700A41097 /* HW1-01057305UITests */,
				049868F22CAE9BD200A41097 /* Products */,
			);
			sourceTree = "<group>";
		};
		049868F22CAE9BD200A41097 /* Products */ = {
			isa = PBXGroup;
			children = (
				049868F12CAE9BD200A41097 /* HW1-01057305.app */,
				049869012CAE9BD700A41097 /* HW1-01057305Tests.xctest */,
				0498690B2CAE9BD700A41097 /* HW1-01057305UITests.xctest */,
			);
			name = Products;
			sourceTree = "<group>";
		};
/* End PBXGroup section */

/* Begin PBXNativeTarget section */
		049868F02CAE9BD200A41097 /* HW1-01057305 */ = {
			isa = PBXNativeTarget;
			buildConfigurationList = 049869152CAE9BD700A41097 /* Build configuration list for PBXNativeTarget "HW1-01057305" */;
			buildPhases = (
				049868ED2CAE9BD200A41097 /* Sources */,
				049868EE2CAE9BD200A41097 /* Frameworks */,
				049868EF2CAE9BD200A41097 /* Resources */,
			);
			buildRules = (
			);
			dependencies = (
			);
			fileSystemSynchronizedGroups = (
				049868F32CAE9BD200A41097 /* HW1-01057305 */,
			);
			name = "HW1-01057305";
			packageProductDependencies = (
			);
			productName = "HW1-01057305";
			productReference = 049868F12CAE9BD200A41097 /* HW1-01057305.app */;
			productType = "com.apple.product-type.application";
		};
		049869002CAE9BD700A41097 /* HW1-01057305Tests */ = {
			isa = PBXNativeTarget;
			buildConfigurationList = 049869182CAE9BD700A41097 /* Build configuration list for PBXNativeTarget "HW1-01057305Tests" */;
			buildPhases = (
				049868FD2CAE9BD700A41097 /* Sources */,
				049868FE2CAE9BD700A41097 /* Frameworks */,
				049868FF2CAE9BD700A41097 /* Resources */,
			);
			buildRules = (
			);
			dependencies = (
				049869032CAE9BD700A41097 /* PBXTargetDependency */,
			);
			fileSystemSynchronizedGroups = (
				049869042CAE9BD700A41097 /* HW1-01057305Tests */,
			);
			name = "HW1-01057305Tests";
			packageProductDependencies = (
			);
			productName = "HW1-01057305Tests";
			productReference = 049869012CAE9BD700A41097 /* HW1-01057305Tests.xctest */;
			productType = "com.apple.product-type.bundle.unit-test";
		};
		0498690A2CAE9BD700A41097 /* HW1-01057305UITests */ = {
			isa = PBXNativeTarget;
			buildConfigurationList = 0498691B2CAE9BD700A41097 /* Build configuration list for PBXNativeTarget "HW1-01057305UITests" */;
			buildPhases = (
				049869072CAE9BD700A41097 /* Sources */,
				049869082CAE9BD700A41097 /* Frameworks */,
				049869092CAE9BD700A41097 /* Resources */,
			);
			buildRules = (
			);
			dependencies = (
				0498690D2CAE9BD700A41097 /* PBXTargetDependency */,
			);
			fileSystemSynchronizedGroups = (
				0498690E2CAE9BD700A41097 /* HW1-01057305UITests */,
			);
			name = "HW1-01057305UITests";
			packageProductDependencies = (
			);
			productName = "HW1-01057305UITests";
			productReference = 0498690B2CAE9BD700A41097 /* HW1-01057305UITests.xctest */;
			productType = "com.apple.product-type.bundle.ui-testing";
		};
/* End PBXNativeTarget section */

/* Begin PBXProject section */
		049868E92CAE9BD200A41097 /* Project object */ = {
			isa = PBXProject;
			attributes = {
				BuildIndependentTargetsInParallel = 1;
				LastSwiftUpdateCheck = 1600;
				LastUpgradeCheck = 1600;
				TargetAttributes = {
					049868F02CAE9BD200A41097 = {
						CreatedOnToolsVersion = 16.0;
					};
					049869002CAE9BD700A41097 = {
						CreatedOnToolsVersion = 16.0;
						TestTargetID = 049868F02CAE9BD200A41097;
					};
					0498690A2CAE9BD700A41097 = {
						CreatedOnToolsVersion = 16.0;
						TestTargetID = 049868F02CAE9BD200A41097;
					};
				};
			};
			buildConfigurationList = 049868EC2CAE9BD200A41097 /* Build configuration list for PBXProject "HW1-01057305" */;
			developmentRegion = en;
			hasScannedForEncodings = 0;
			knownRegions = (
				en,
				Base,
			);
			mainGroup = 049868E82CAE9BD200A41097;
			minimizedProjectReferenceProxies = 1;
			preferredProjectObjectVersion = 77;
			productRefGroup = 049868F22CAE9BD200A41097 /* Products */;
			projectDirPath = "";
			projectRoot = "";
			targets = (
				049868F02CAE9BD200A41097 /* HW1-01057305 */,
				049869002CAE9BD700A41097 /* HW1-01057305Tests */,
				0498690A2CAE9BD700A41097 /* HW1-01057305UITests */,
			);
		};
/* End PBXProject section */

/* Begin PBXResourcesBuildPhase section */
		049868EF2CAE9BD200A41097 /* Resources */ = {
			isa = PBXResourcesBuildPhase;
			buildActionMask = 2147483647;
			files = (
			);
			runOnlyForDeploymentPostprocessing = 0;
		};
		049868FF2CAE9BD700A41097 /* Resources */ = {
			isa = PBXResourcesBuildPhase;
			buildActionMask = 2147483647;
			files = (
			);
			runOnlyForDeploymentPostprocessing = 0;
		};
		049869092CAE9BD700A41097 /* Resources */ = {
			isa = PBXResourcesBuildPhase;
			buildActionMask = 2147483647;
			files = (
			);
			runOnlyForDeploymentPostprocessing = 0;
		};
/* End PBXResourcesBuildPhase section */

/* Begin PBXSourcesBuildPhase section */
		049868ED2CAE9BD200A41097 /* Sources */ = {
			isa = PBXSourcesBuildPhase;
			buildActionMask = 2147483647;
			files = (
			);
			runOnlyForDeploymentPostprocessing = 0;
		};
		049868FD2CAE9BD700A41097 /* Sources */ = {
			isa = PBXSourcesBuildPhase;
			buildActionMask = 2147483647;
			files = (
			);
			runOnlyForDeploymentPostprocessing = 0;
		};
		049869072CAE9BD700A41097 /* Sources */ = {
			isa = PBXSourcesBuildPhase;
			buildActionMask = 2147483647;
			files = (
			);
			runOnlyForDeploymentPostprocessing = 0;
		};
/* End PBXSourcesBuildPhase section */

/* Begin PBXTargetDependency section */
		049869032CAE9BD700A41097 /* PBXTargetDependency */ = {
			isa = PBXTargetDependency;
			target = 049868F02CAE9BD200A41097 /* HW1-01057305 */;
			targetProxy = 049869022CAE9BD700A41097 /* PBXContainerItemProxy */;
		};
		0498690D2CAE9BD700A41097 /* PBXTargetDependency */ = {
			isa = PBXTargetDependency;
			target = 049868F02CAE9BD200A41097 /* HW1-01057305 */;
			targetProxy = 0498690C2CAE9BD700A41097 /* PBXContainerItemProxy */;
		};
/* End PBXTargetDependency section */

/* Begin XCBuildConfiguration section */
		049869132CAE9BD700A41097 /* Debug */ = {
			isa = XCBuildConfiguration;
			buildSettings = {
				ALWAYS_SEARCH_USER_PATHS = NO;
				ASSETCATALOG_COMPILER_GENERATE_SWIFT_ASSET_SYMBOL_EXTENSIONS = YES;
				CLANG_ANALYZER_NONNULL = YES;
				CLANG_ANALYZER_NUMBER_OBJECT_CONVERSION = YES_AGGRESSIVE;
				CLANG_CXX_LANGUAGE_STANDARD = "gnu++20";
				CLANG_ENABLE_MODULES = YES;
				CLANG_ENABLE_OBJC_ARC = YES;
				CLANG_ENABLE_OBJC_WEAK = YES;
				CLANG_WARN_BLOCK_CAPTURE_AUTORELEASING = YES;
				CLANG_WARN_BOOL_CONVERSION = YES;
				CLANG_WARN_COMMA = YES;
				CLANG_WARN_CONSTANT_CONVERSION = YES;
				CLANG_WARN_DEPRECATED_OBJC_IMPLEMENTATIONS = YES;
				CLANG_WARN_DIRECT_OBJC_ISA_USAGE = YES_ERROR;
				CLANG_WARN_DOCUMENTATION_COMMENTS = YES;
				CLANG_WARN_EMPTY_BODY = YES;
				CLANG_WARN_ENUM_CONVERSION = YES;
				CLANG_WARN_INFINITE_RECURSION = YES;
				CLANG_WARN_INT_CONVERSION = YES;
				CLANG_WARN_NON_LITERAL_NULL_CONVERSION = YES;
				CLANG_WARN_OBJC_IMPLICIT_RETAIN_SELF = YES;
				CLANG_WARN_OBJC_LITERAL_CONVERSION = YES;
				CLANG_WARN_OBJC_ROOT_CLASS = YES_ERROR;
				CLANG_WARN_QUOTED_INCLUDE_IN_FRAMEWORK_HEADER = YES;
				CLANG_WARN_RANGE_LOOP_ANALYSIS = YES;
				CLANG_WARN_STRICT_PROTOTYPES = YES;
				CLANG_WARN_SUSPICIOUS_MOVE = YES;
				CLANG_WARN_UNGUARDED_AVAILABILITY = YES_AGGRESSIVE;
				CLANG_WARN_UNREACHABLE_CODE = YES;
				CLANG_WARN__DUPLICATE_METHOD_MATCH = YES;
				COPY_PHASE_STRIP = NO;
				DEBUG_INFORMATION_FORMAT = dwarf;
				ENABLE_STRICT_OBJC_MSGSEND = YES;
				ENABLE_TESTABILITY = YES;
				ENABLE_USER_SCRIPT_SANDBOXING = YES;
				GCC_C_LANGUAGE_STANDARD = gnu17;
				GCC_DYNAMIC_NO_PIC = NO;
				GCC_NO_COMMON_BLOCKS = YES;
				GCC_OPTIMIZATION_LEVEL = 0;
				GCC_PREPROCESSOR_DEFINITIONS = (
					"DEBUG=1",
					"$(inherited)",
				);
				GCC_WARN_64_TO_32_BIT_CONVERSION = YES;
				GCC_WARN_ABOUT_RETURN_TYPE = YES_ERROR;
				GCC_WARN_UNDECLARED_SELECTOR = YES;
				GCC_WARN_UNINITIALIZED_AUTOS = YES_AGGRESSIVE;
				GCC_WARN_UNUSED_FUNCTION = YES;
				GCC_WARN_UNUSED_VARIABLE = YES;
				IPHONEOS_DEPLOYMENT_TARGET = 18.0;
				LOCALIZATION_PREFERS_STRING_CATALOGS = YES;
				MTL_ENABLE_DEBUG_INFO = INCLUDE_SOURCE;
				MTL_FAST_MATH = YES;
				ONLY_ACTIVE_ARCH = YES;
				SDKROOT = iphoneos;
				SWIFT_ACTIVE_COMPILATION_CONDITIONS = "DEBUG $(inherited)";
				SWIFT_OPTIMIZATION_LEVEL = "-Onone";
			};
			name = Debug;
		};
		049869142CAE9BD700A41097 /* Release */ = {
			isa = XCBuildConfiguration;
			buildSettings = {
				ALWAYS_SEARCH_USER_PATHS = NO;
				ASSETCATALOG_COMPILER_GENERATE_SWIFT_ASSET_SYMBOL_EXTENSIONS = YES;
				CLANG_ANALYZER_NONNULL = YES;
				CLANG_ANALYZER_NUMBER_OBJECT_CONVERSION = YES_AGGRESSIVE;
				CLANG_CXX_LANGUAGE_STANDARD = "gnu++20";
				CLANG_ENABLE_MODULES = YES;
				CLANG_ENABLE_OBJC_ARC = YES;
				CLANG_ENABLE_OBJC_WEAK = YES;
				CLANG_WARN_BLOCK_CAPTURE_AUTORELEASING = YES;
				CLANG_WARN_BOOL_CONVERSION = YES;
				CLANG_WARN_COMMA = YES;
				CLANG_WARN_CONSTANT_CONVERSION = YES;
				CLANG_WARN_DEPRECATED_OBJC_IMPLEMENTATIONS = YES;
				CLANG_WARN_DIRECT_OBJC_ISA_USAGE = YES_ERROR;
				CLANG_WARN_DOCUMENTATION_COMMENTS = YES;
				CLANG_WARN_EMPTY_BODY = YES;
				CLANG_WARN_ENUM_CONVERSION = YES;
				CLANG_WARN_INFINITE_RECURSION = YES;
				CLANG_WARN_INT_CONVERSION = YES;
				CLANG_WARN_NON_LITERAL_NULL_CONVERSION = YES;
				CLANG_WARN_OBJC_IMPLICIT_RETAIN_SELF = YES;
				CLANG_WARN_OBJC_LITERAL_CONVERSION = YES;
				CLANG_WARN_OBJC_ROOT_CLASS = YES_ERROR;
				CLANG_WARN_QUOTED_INCLUDE_IN_FRAMEWORK_HEADER = YES;
				CLANG_WARN_RANGE_LOOP_ANALYSIS = YES;
				CLANG_WARN_STRICT_PROTOTYPES = YES;
				CLANG_WARN_SUSPICIOUS_MOVE = YES;
				CLANG_WARN_UNGUARDED_AVAILABILITY = YES_AGGRESSIVE;
				CLANG_WARN_UNREACHABLE_CODE = YES;
				CLANG_WARN__DUPLICATE_METHOD_MATCH = YES;
				COPY_PHASE_STRIP = NO;
				DEBUG_INFORMATION_FORMAT = "dwarf-with-dsym";
				ENABLE_NS_ASSERTIONS = NO;
				ENABLE_STRICT_OBJC_MSGSEND = YES;
				ENABLE_USER_SCRIPT_SANDBOXING = YES;
				GCC_C_LANGUAGE_STANDARD = gnu17;
				GCC_NO_COMMON_BLOCKS = YES;
				GCC_WARN_64_TO_32_BIT_CONVERSION = YES;
				GCC_WARN_ABOUT_RETURN_TYPE = YES_ERROR;
				GCC_WARN_UNDECLARED_SELECTOR = YES;
				GCC_WARN_UNINITIALIZED_AUTOS = YES_AGGRESSIVE;
				GCC_WARN_UNUSED_FUNCTION = YES;
				GCC_WARN_UNUSED_VARIABLE = YES;
				IPHONEOS_DEPLOYMENT_TARGET = 18.0;
				LOCALIZATION_PREFERS_STRING_CATALOGS = YES;
				MTL_ENABLE_DEBUG_INFO = NO;
				MTL_FAST_MATH = YES;
				SDKROOT = iphoneos;
				SWIFT_COMPILATION_MODE = wholemodule;
				VALIDATE_PRODUCT = YES;
			};
			name = Release;
		};
		049869162CAE9BD700A41097 /* Debug */ = {
			isa = XCBuildConfiguration;
			buildSettings = {
				ASSETCATALOG_COMPILER_APPICON_NAME = AppIcon;
				ASSETCATALOG_COMPILER_GLOBAL_ACCENT_COLOR_NAME = AccentColor;
				CODE_SIGN_STYLE = Automatic;
				CURRENT_PROJECT_VERSION = 1;
				DEVELOPMENT_ASSET_PATHS = "\"HW1-01057305/Preview Content\"";
				ENABLE_PREVIEWS = YES;
				GENERATE_INFOPLIST_FILE = YES;
				INFOPLIST_KEY_UIApplicationSceneManifest_Generation = YES;
				INFOPLIST_KEY_UIApplicationSupportsIndirectInputEvents = YES;
				INFOPLIST_KEY_UILaunchScreen_Generation = YES;
				INFOPLIST_KEY_UISupportedInterfaceOrientations_iPad = "UIInterfaceOrientationPortrait UIInterfaceOrientationPortraitUpsideDown UIInterfaceOrientationLandscapeLeft UIInterfaceOrientationLandscapeRight";
				INFOPLIST_KEY_UISupportedInterfaceOrientations_iPhone = "UIInterfaceOrientationPortrait UIInterfaceOrientationLandscapeLeft UIInterfaceOrientationLandscapeRight";
				LD_RUNPATH_SEARCH_PATHS = (
					"$(inherited)",
					"@executable_path/Frameworks",
				);
				MARKETING_VERSION = 1.0;
				PRODUCT_BUNDLE_IDENTIFIER = "demo.HW1-01057305";
				PRODUCT_NAME = "$(TARGET_NAME)";
				SWIFT_EMIT_LOC_STRINGS = YES;
				SWIFT_VERSION = 5.0;
				TARGETED_DEVICE_FAMILY = "1,2";
			};
			name = Debug;
		};
		049869172CAE9BD700A41097 /* Release */ = {
			isa = XCBuildConfiguration;
			buildSettings = {
				ASSETCATALOG_COMPILER_APPICON_NAME = AppIcon;
				ASSETCATALOG_COMPILER_GLOBAL_ACCENT_COLOR_NAME = AccentColor;
				CODE_SIGN_STYLE = Automatic;
				CURRENT_PROJECT_VERSION = 1;
				DEVELOPMENT_ASSET_PATHS = "\"HW1-01057305/Preview Content\"";
				ENABLE_PREVIEWS = YES;
				GENERATE_INFOPLIST_FILE = YES;
				INFOPLIST_KEY_UIApplicationSceneManifest_Generation = YES;
				INFOPLIST_KEY_UIApplicationSupportsIndirectInputEvents = YES;
				INFOPLIST_KEY_UILaunchScreen_Generation = YES;
				INFOPLIST_KEY_UISupportedInterfaceOrientations_iPad = "UIInterfaceOrientationPortrait UIInterfaceOrientationPortraitUpsideDown UIInterfaceOrientationLandscapeLeft UIInterfaceOrientationLandscapeRight";
				INFOPLIST_KEY_UISupportedInterfaceOrientations_iPhone = "UIInterfaceOrientationPortrait UIInterfaceOrientationLandscapeLeft UIInterfaceOrientationLandscapeRight";
				LD_RUNPATH_SEARCH_PATHS = (
					"$(inherited)",
					"@executable_path/Frameworks",
				);
				MARKETING_VERSION = 1.0;
				PRODUCT_BUNDLE_IDENTIFIER = "demo.HW1-01057305";
				PRODUCT_NAME = "$(TARGET_NAME)";
				SWIFT_EMIT_LOC_STRINGS = YES;
				SWIFT_VERSION = 5.0;
				TARGETED_DEVICE_FAMILY = "1,2";
			};
			name = Release;
		};
		049869192CAE9BD700A41097 /* Debug */ = {
			isa = XCBuildConfiguration;
			buildSettings = {
				BUNDLE_LOADER = "$(TEST_HOST)";
				CODE_SIGN_STYLE = Automatic;
				CURRENT_PROJECT_VERSION = 1;
				GENERATE_INFOPLIST_FILE = YES;
				IPHONEOS_DEPLOYMENT_TARGET = 18.0;
				MARKETING_VERSION = 1.0;
				PRODUCT_BUNDLE_IDENTIFIER = "demo.HW1-01057305Tests";
				PRODUCT_NAME = "$(TARGET_NAME)";
				SWIFT_EMIT_LOC_STRINGS = NO;
				SWIFT_VERSION = 5.0;
				TARGETED_DEVICE_FAMILY = "1,2";
				TEST_HOST = "$(BUILT_PRODUCTS_DIR)/HW1-01057305.app/$(BUNDLE_EXECUTABLE_FOLDER_PATH)/HW1-01057305";
			};
			name = Debug;
		};
		0498691A2CAE9BD700A41097 /* Release */ = {
			isa = XCBuildConfiguration;
			buildSettings = {
				BUNDLE_LOADER = "$(TEST_HOST)";
				CODE_SIGN_STYLE = Automatic;
				CURRENT_PROJECT_VERSION = 1;
				GENERATE_INFOPLIST_FILE = YES;
				IPHONEOS_DEPLOYMENT_TARGET = 18.0;
				MARKETING_VERSION = 1.0;
				PRODUCT_BUNDLE_IDENTIFIER = "demo.HW1-01057305Tests";
				PRODUCT_NAME = "$(TARGET_NAME)";
				SWIFT_EMIT_LOC_STRINGS = NO;
				SWIFT_VERSION = 5.0;
				TARGETED_DEVICE_FAMILY = "1,2";
				TEST_HOST = "$(BUILT_PRODUCTS_DIR)/HW1-01057305.app/$(BUNDLE_EXECUTABLE_FOLDER_PATH)/HW1-01057305";
			};
			name = Release;
		};
		0498691C2CAE9BD700A41097 /* Debug */ = {
			isa = XCBuildConfiguration;
			buildSettings = {
				CODE_SIGN_STYLE = Automatic;
				CURRENT_PROJECT_VERSION = 1;
				GENERATE_INFOPLIST_FILE = YES;
				MARKETING_VERSION = 1.0;
				PRODUCT_BUNDLE_IDENTIFIER = "demo.HW1-01057305UITests";
				PRODUCT_NAME = "$(TARGET_NAME)";
				SWIFT_EMIT_LOC_STRINGS = NO;
				SWIFT_VERSION = 5.0;
				TARGETED_DEVICE_FAMILY = "1,2";
				TEST_TARGET_NAME = "HW1-01057305";
			};
			name = Debug;
		};
		0498691D2CAE9BD700A41097 /* Release */ = {
			isa = XCBuildConfiguration;
			buildSettings = {
				CODE_SIGN_STYLE = Automatic;
				CURRENT_PROJECT_VERSION = 1;
				GENERATE_INFOPLIST_FILE = YES;
				MARKETING_VERSION = 1.0;
				PRODUCT_BUNDLE_IDENTIFIER = "demo.HW1-01057305UITests";
				PRODUCT_NAME = "$(TARGET_NAME)";
				SWIFT_EMIT_LOC_STRINGS = NO;
				SWIFT_VERSION = 5.0;
				TARGETED_DEVICE_FAMILY = "1,2";
				TEST_TARGET_NAME = "HW1-01057305";
			};
			name = Release;
		};
/* End XCBuildConfiguration section */

/* Begin XCConfigurationList section */
		049868EC2CAE9BD200A41097 /* Build configuration list for PBXProject "HW1-01057305" */ = {
			isa = XCConfigurationList;
			buildConfigurations = (
				049869132CAE9BD700A41097 /* Debug */,
				049869142CAE9BD700A41097 /* Release */,
			);
			defaultConfigurationIsVisible = 0;
			defaultConfigurationName = Release;
		};
		049869152CAE9BD700A41097 /* Build configuration list for PBXNativeTarget "HW1-01057305" */ = {
			isa = XCConfigurationList;
			buildConfigurations = (
				049869162CAE9BD700A41097 /* Debug */,
				049869172CAE9BD700A41097 /* Release */,
			);
			defaultConfigurationIsVisible = 0;
			defaultConfigurationName = Release;
		};
		049869182CAE9BD700A41097 /* Build configuration list for PBXNativeTarget "HW1-01057305Tests" */ = {
			isa = XCConfigurationList;
			buildConfigurations = (
				049869192CAE9BD700A41097 /* Debug */,
				0498691A2CAE9BD700A41097 /* Release */,
			);
			defaultConfigurationIsVisible = 0;
			defaultConfigurationName = Release;
		};
		0498691B2CAE9BD700A41097 /* Build configuration list for PBXNativeTarget "HW1-01057305UITests" */ = {
			isa = XCConfigurationList;
			buildConfigurations = (
				0498691C2CAE9BD700A41097 /* Debug */,
				0498691D2CAE9BD700A41097 /* Release */,
			);
			defaultConfigurationIsVisible = 0;
			defaultConfigurationName = Release;
		};
/* End XCConfigurationList section */
	};
	rootObject = 049868E92CAE9BD200A41097 /* Project object */;
}
